{
  "name": "claude-marketplace",
  "version": "0.1.0",
  "lockfileVersion": 3,
  "requires": true,
  "packages": {
    "": {
      "name": "claude-marketplace",
      "version": "0.1.0",
      "workspaces": [
        "core",
        "plugins/*"
      ],
      "engines": {
        "node": ">=18.0.0"
      }
    },
    "core": {
      "name": "@claude-marketplace/core",
      "version": "0.1.0",
      "engines": {
        "node": ">=18.0.0"
      }
    },
    "node_modules/@claude-marketplace/core": {
      "resolved": "core",
      "link": true
    },
    "node_modules/canopy": {
      "resolved": "plugins/canopy",
      "link": true
    },
    "node_modules/ux-harness": {
      "resolved": "plugins/ux-harness",
      "link": true
    },
    "plugins/canopy": {
      "version": "0.1.0",
      "engines": {
        "node": ">=18.0.0"
      }
    },
    "plugins/ux-harness": {
      "version": "0.1.0",
      "engines": {
        "node": ">=18.0.0"
      }
    }
  }
}
